{
    "_meta": {
        "hash": {
            "sha256": "232b186b4e769e4b8be75130948d5d9da5e351184f47f72b674f7cd31413e73d"
        },
        "pipfile-spec": 6,
        "requires": {
            "python_version": "3.8"
        },
        "sources": [
            {
                "name": "pypi",
                "url": "https://pypi.org/simple",
                "verify_ssl": true
            }
        ]
    },
    "default": {},
    "develop": {
        "isort": {
            "hashes": [
                "sha256:36f0c6659b9000597e92618d05b72d4181104cf59472b1c6a039e3783f930c95",
                "sha256:ba040c24d20aa302f78f4747df549573ae1eaf8e1084269199154da9c483f07f"
            ],
            "index": "pypi",
            "version": "==5.5.4"
        }
    }
}
